// !$*UTF8*$!
{
	archiveVersion = 1;
	classes = {
	};
	objectVersion = 50;
	objects = {

/* Begin PBXBuildFile section */
		74564F6626E626FA00F5EFF2 /* AppDelegate.swift in Sources */ = {isa = PBXBuildFile; fileRef = 74564F6526E626FA00F5EFF2 /* AppDelegate.swift */; };
		74564F6826E626FA00F5EFF2 /* SceneDelegate.swift in Sources */ = {isa = PBXBuildFile; fileRef = 74564F6726E626FA00F5EFF2 /* SceneDelegate.swift */; };
		74564F6A26E626FA00F5EFF2 /* ContentView.swift in Sources */ = {isa = PBXBuildFile; fileRef = 74564F6926E626FA00F5EFF2 /* ContentView.swift */; };
		74564F6C26E626FB00F5EFF2 /* Assets.xcassets in Resources */ = {isa = PBXBuildFile; fileRef = 74564F6B26E626FB00F5EFF2 /* Assets.xcassets */; };
		74564F6F26E626FB00F5EFF2 /* Preview Assets.xcassets in Resources */ = {isa = PBXBuildFile; fileRef = 74564F6E26E626FB00F5EFF2 /* Preview Assets.xcassets */; };
		74564F7226E626FB00F5EFF2 /* LaunchScreen.storyboard in Resources */ = {isa = PBXBuildFile; fileRef = 74564F7026E626FB00F5EFF2 /* LaunchScreen.storyboard */; };
		74564F7D26E626FB00F5EFF2 /* iosDrumSequencerTests.swift in Sources */ = {isa = PBXBuildFile; fileRef = 74564F7C26E626FB00F5EFF2 /* iosDrumSequencerTests.swift */; };
		74564F8826E626FB00F5EFF2 /* iosDrumSequencerUITests.swift in Sources */ = {isa = PBXBuildFile; fileRef = 74564F8726E626FB00F5EFF2 /* iosDrumSequencerUITests.swift */; };
/* End PBXBuildFile section */

/* Begin PBXContainerItemProxy section */
		74564F7926E626FB00F5EFF2 /* PBXContainerItemProxy */ = {
			isa = PBXContainerItemProxy;
			containerPortal = 74564F5A26E626FA00F5EFF2 /* Project object */;
			proxyType = 1;
			remoteGlobalIDString = 74564F6126E626FA00F5EFF2;
			remoteInfo = iosDrumSequencer;
		};
		74564F8426E626FB00F5EFF2 /* PBXContainerItemProxy */ = {
			isa = PBXContainerItemProxy;
			containerPortal = 74564F5A26E626FA00F5EFF2 /* Project object */;
			proxyType = 1;
			remoteGlobalIDString = 74564F6126E626FA00F5EFF2;
			remoteInfo = iosDrumSequencer;
		};
/* End PBXContainerItemProxy section */

/* Begin PBXFileReference section */
		74564F6226E626FA00F5EFF2 /* iosDrumSequencer.app */ = {isa = PBXFileReference; explicitFileType = wrapper.application; includeInIndex = 0; path = iosDrumSequencer.app; sourceTree = BUILT_PRODUCTS_DIR; };
		74564F6526E626FA00F5EFF2 /* AppDelegate.swift */ = {isa = PBXFileReference; lastKnownFileType = sourcecode.swift; path = AppDelegate.swift; sourceTree = "<group>"; };
		74564F6726E626FA00F5EFF2 /* SceneDelegate.swift */ = {isa = PBXFileReference; lastKnownFileType = sourcecode.swift; path = SceneDelegate.swift; sourceTree = "<group>"; };
		74564F6926E626FA00F5EFF2 /* ContentView.swift */ = {isa = PBXFileReference; lastKnownFileType = sourcecode.swift; path = ContentView.swift; sourceTree = "<group>"; };
		74564F6B26E626FB00F5EFF2 /* Assets.xcassets */ = {isa = PBXFileReference; lastKnownFileType = folder.assetcatalog; path = Assets.xcassets; sourceTree = "<group>"; };
		74564F6E26E626FB00F5EFF2 /* Preview Assets.xcassets */ = {isa = PBXFileReference; lastKnownFileType = folder.assetcatalog; path = "Preview Assets.xcassets"; sourceTree = "<group>"; };
		74564F7126E626FB00F5EFF2 /* Base */ = {isa = PBXFileReference; lastKnownFileType = file.storyboard; name = Base; path = Base.lproj/LaunchScreen.storyboard; sourceTree = "<group>"; };
		74564F7326E626FB00F5EFF2 /* Info.plist */ = {isa = PBXFileReference; lastKnownFileType = text.plist.xml; path = Info.plist; sourceTree = "<group>"; };
		74564F7826E626FB00F5EFF2 /* iosDrumSequencerTests.xctest */ = {isa = PBXFileReference; explicitFileType = wrapper.cfbundle; includeInIndex = 0; path = iosDrumSequencerTests.xctest; sourceTree = BUILT_PRODUCTS_DIR; };
		74564F7C26E626FB00F5EFF2 /* iosDrumSequencerTests.swift */ = {isa = PBXFileReference; lastKnownFileType = sourcecode.swift; path = iosDrumSequencerTests.swift; sourceTree = "<group>"; };
		74564F7E26E626FB00F5EFF2 /* Info.plist */ = {isa = PBXFileReference; lastKnownFileType = text.plist.xml; path = Info.plist; sourceTree = "<group>"; };
		74564F8326E626FB00F5EFF2 /* iosDrumSequencerUITests.xctest */ = {isa = PBXFileReference; explicitFileType = wrapper.cfbundle; includeInIndex = 0; path = iosDrumSequencerUITests.xctest; sourceTree = BUILT_PRODUCTS_DIR; };
		74564F8726E626FB00F5EFF2 /* iosDrumSequencerUITests.swift */ = {isa = PBXFileReference; lastKnownFileType = sourcecode.swift; path = iosDrumSequencerUITests.swift; sourceTree = "<group>"; };
		74564F8926E626FB00F5EFF2 /* Info.plist */ = {isa = PBXFileReference; lastKnownFileType = text.plist.xml; path = Info.plist; sourceTree = "<group>"; };
/* End PBXFileReference section */

/* Begin PBXFrameworksBuildPhase section */
		74564F5F26E626FA00F5EFF2 /* Frameworks */ = {
			isa = PBXFrameworksBuildPhase;
			buildActionMask = 2147483647;
			files = (
			);
			runOnlyForDeploymentPostprocessing = 0;
		};
		74564F7526E626FB00F5EFF2 /* Frameworks */ = {
			isa = PBXFrameworksBuildPhase;
			buildActionMask = 2147483647;
			files = (
			);
			runOnlyForDeploymentPostprocessing = 0;
		};
		74564F8026E626FB00F5EFF2 /* Frameworks */ = {
			isa = PBXFrameworksBuildPhase;
			buildActionMask = 2147483647;
			files = (
			);
			runOnlyForDeploymentPostprocessing = 0;
		};
/* End PBXFrameworksBuildPhase section */

/* Begin PBXGroup section */
		74564F5926E626FA00F5EFF2 = {
			isa = PBXGroup;
			children = (
				74564F6426E626FA00F5EFF2 /* iosDrumSequencer */,
				74564F7B26E626FB00F5EFF2 /* iosDrumSequencerTests */,
				74564F8626E626FB00F5EFF2 /* iosDrumSequencerUITests */,
				74564F6326E626FA00F5EFF2 /* Products */,
			);
			sourceTree = "<group>";
		};
		74564F6326E626FA00F5EFF2 /* Products */ = {
			isa = PBXGroup;
			children = (
				74564F6226E626FA00F5EFF2 /* iosDrumSequencer.app */,
				74564F7826E626FB00F5EFF2 /* iosDrumSequencerTests.xctest */,
				74564F8326E626FB00F5EFF2 /* iosDrumSequencerUITests.xctest */,
			);
			name = Products;
			sourceTree = "<group>";
		};
		74564F6426E626FA00F5EFF2 /* iosDrumSequencer */ = {
			isa = PBXGroup;
			children = (
				74564F6526E626FA00F5EFF2 /* AppDelegate.swift */,
				74564F6726E626FA00F5EFF2 /* SceneDelegate.swift */,
				74564F6926E626FA00F5EFF2 /* ContentView.swift */,
				74564F6B26E626FB00F5EFF2 /* Assets.xcassets */,
				74564F7026E626FB00F5EFF2 /* LaunchScreen.storyboard */,
				74564F7326E626FB00F5EFF2 /* Info.plist */,
				74564F6D26E626FB00F5EFF2 /* Preview Content */,
			);
			path = iosDrumSequencer;
			sourceTree = "<group>";
		};
		74564F6D26E626FB00F5EFF2 /* Preview Content */ = {
			isa = PBXGroup;
			children = (
				74564F6E26E626FB00F5EFF2 /* Preview Assets.xcassets */,
			);
			path = "Preview Content";
			sourceTree = "<group>";
		};
		74564F7B26E626FB00F5EFF2 /* iosDrumSequencerTests */ = {
			isa = PBXGroup;
			children = (
				74564F7C26E626FB00F5EFF2 /* iosDrumSequencerTests.swift */,
				74564F7E26E626FB00F5EFF2 /* Info.plist */,
			);
			path = iosDrumSequencerTests;
			sourceTree = "<group>";
		};
		74564F8626E626FB00F5EFF2 /* iosDrumSequencerUITests */ = {
			isa = PBXGroup;
			children = (
				74564F8726E626FB00F5EFF2 /* iosDrumSequencerUITests.swift */,
				74564F8926E626FB00F5EFF2 /* Info.plist */,
			);
			path = iosDrumSequencerUITests;
			sourceTree = "<group>";
		};
/* End PBXGroup section */

/* Begin PBXNativeTarget section */
		74564F6126E626FA00F5EFF2 /* iosDrumSequencer */ = {
			isa = PBXNativeTarget;
			buildConfigurationList = 74564F8C26E626FB00F5EFF2 /* Build configuration list for PBXNativeTarget "iosDrumSequencer" */;
			buildPhases = (
				74564F5E26E626FA00F5EFF2 /* Sources */,
				74564F5F26E626FA00F5EFF2 /* Frameworks */,
				74564F6026E626FA00F5EFF2 /* Resources */,
			);
			buildRules = (
			);
			dependencies = (
			);
			name = iosDrumSequencer;
			productName = iosDrumSequencer;
			productReference = 74564F6226E626FA00F5EFF2 /* iosDrumSequencer.app */;
			productType = "com.apple.product-type.application";
		};
		74564F7726E626FB00F5EFF2 /* iosDrumSequencerTests */ = {
			isa = PBXNativeTarget;
			buildConfigurationList = 74564F8F26E626FB00F5EFF2 /* Build configuration list for PBXNativeTarget "iosDrumSequencerTests" */;
			buildPhases = (
				74564F7426E626FB00F5EFF2 /* Sources */,
				74564F7526E626FB00F5EFF2 /* Frameworks */,
				74564F7626E626FB00F5EFF2 /* Resources */,
			);
			buildRules = (
			);
			dependencies = (
				74564F7A26E626FB00F5EFF2 /* PBXTargetDependency */,
			);
			name = iosDrumSequencerTests;
			productName = iosDrumSequencerTests;
			productReference = 74564F7826E626FB00F5EFF2 /* iosDrumSequencerTests.xctest */;
			productType = "com.apple.product-type.bundle.unit-test";
		};
		74564F8226E626FB00F5EFF2 /* iosDrumSequencerUITests */ = {
			isa = PBXNativeTarget;
			buildConfigurationList = 74564F9226E626FB00F5EFF2 /* Build configuration list for PBXNativeTarget "iosDrumSequencerUITests" */;
			buildPhases = (
				74564F7F26E626FB00F5EFF2 /* Sources */,
				74564F8026E626FB00F5EFF2 /* Frameworks */,
				74564F8126E626FB00F5EFF2 /* Resources */,
			);
			buildRules = (
			);
			dependencies = (
				74564F8526E626FB00F5EFF2 /* PBXTargetDependency */,
			);
			name = iosDrumSequencerUITests;
			productName = iosDrumSequencerUITests;
			productReference = 74564F8326E626FB00F5EFF2 /* iosDrumSequencerUITests.xctest */;
			productType = "com.apple.product-type.bundle.ui-testing";
		};
/* End PBXNativeTarget section */

/* Begin PBXProject section */
		74564F5A26E626FA00F5EFF2 /* Project object */ = {
			isa = PBXProject;
			attributes = {
				LastSwiftUpdateCheck = 1250;
				LastUpgradeCheck = 1250;
				TargetAttributes = {
					74564F6126E626FA00F5EFF2 = {
						CreatedOnToolsVersion = 12.5.1;
					};
					74564F7726E626FB00F5EFF2 = {
						CreatedOnToolsVersion = 12.5.1;
						TestTargetID = 74564F6126E626FA00F5EFF2;
					};
					74564F8226E626FB00F5EFF2 = {
						CreatedOnToolsVersion = 12.5.1;
						TestTargetID = 74564F6126E626FA00F5EFF2;
					};
				};
			};
			buildConfigurationList = 74564F5D26E626FA00F5EFF2 /* Build configuration list for PBXProject "iosDrumSequencer" */;
			compatibilityVersion = "Xcode 9.3";
			developmentRegion = en;
			hasScannedForEncodings = 0;
			knownRegions = (
				en,
				Base,
			);
			mainGroup = 74564F5926E626FA00F5EFF2;
			productRefGroup = 74564F6326E626FA00F5EFF2 /* Products */;
			projectDirPath = "";
			projectRoot = "";
			targets = (
				74564F6126E626FA00F5EFF2 /* iosDrumSequencer */,
				74564F7726E626FB00F5EFF2 /* iosDrumSequencerTests */,
				74564F8226E626FB00F5EFF2 /* iosDrumSequencerUITests */,
			);
		};
/* End PBXProject section */

/* Begin PBXResourcesBuildPhase section */
		74564F6026E626FA00F5EFF2 /* Resources */ = {
			isa = PBXResourcesBuildPhase;
			buildActionMask = 2147483647;
			files = (
				74564F7226E626FB00F5EFF2 /* LaunchScreen.storyboard in Resources */,
				74564F6F26E626FB00F5EFF2 /* Preview Assets.xcassets in Resources */,
				74564F6C26E626FB00F5EFF2 /* Assets.xcassets in Resources */,
			);
			runOnlyForDeploymentPostprocessing = 0;
		};
		74564F7626E626FB00F5EFF2 /* Resources */ = {
			isa = PBXResourcesBuildPhase;
			buildActionMask = 2147483647;
			files = (
			);
			runOnlyForDeploymentPostprocessing = 0;
		};
		74564F8126E626FB00F5EFF2 /* Resources */ = {
			isa = PBXResourcesBuildPhase;
			buildActionMask = 2147483647;
			files = (
			);
			runOnlyForDeploymentPostprocessing = 0;
		};
/* End PBXResourcesBuildPhase section */

/* Begin PBXSourcesBuildPhase section */
		74564F5E26E626FA00F5EFF2 /* Sources */ = {
			isa = PBXSourcesBuildPhase;
			buildActionMask = 2147483647;
			files = (
				74564F6626E626FA00F5EFF2 /* AppDelegate.swift in Sources */,
				74564F6826E626FA00F5EFF2 /* SceneDelegate.swift in Sources */,
				74564F6A26E626FA00F5EFF2 /* ContentView.swift in Sources */,
			);
			runOnlyForDeploymentPostprocessing = 0;
		};
		74564F7426E626FB00F5EFF2 /* Sources */ = {
			isa = PBXSourcesBuildPhase;
			buildActionMask = 2147483647;
			files = (
				74564F7D26E626FB00F5EFF2 /* iosDrumSequencerTests.swift in Sources */,
			);
			runOnlyForDeploymentPostprocessing = 0;
		};
		74564F7F26E626FB00F5EFF2 /* Sources */ = {
			isa = PBXSourcesBuildPhase;
			buildActionMask = 2147483647;
			files = (
				74564F8826E626FB00F5EFF2 /* iosDrumSequencerUITests.swift in Sources */,
			);
			runOnlyForDeploymentPostprocessing = 0;
		};
/* End PBXSourcesBuildPhase section */

/* Begin PBXTargetDependency section */
		74564F7A26E626FB00F5EFF2 /* PBXTargetDependency */ = {
			isa = PBXTargetDependency;
			target = 74564F6126E626FA00F5EFF2 /* iosDrumSequencer */;
			targetProxy = 74564F7926E626FB00F5EFF2 /* PBXContainerItemProxy */;
		};
		74564F8526E626FB00F5EFF2 /* PBXTargetDependency */ = {
			isa = PBXTargetDependency;
			target = 74564F6126E626FA00F5EFF2 /* iosDrumSequencer */;
			targetProxy = 74564F8426E626FB00F5EFF2 /* PBXContainerItemProxy */;
		};
/* End PBXTargetDependency section */

/* Begin PBXVariantGroup section */
		74564F7026E626FB00F5EFF2 /* LaunchScreen.storyboard */ = {
			isa = PBXVariantGroup;
			children = (
				74564F7126E626FB00F5EFF2 /* Base */,
			);
			name = LaunchScreen.storyboard;
			sourceTree = "<group>";
		};
/* End PBXVariantGroup section */

/* Begin XCBuildConfiguration section */
		74564F8A26E626FB00F5EFF2 /* Debug */ = {
			isa = XCBuildConfiguration;
			buildSettings = {
				ALWAYS_SEARCH_USER_PATHS = NO;
				CLANG_ANALYZER_NONNULL = YES;
				CLANG_ANALYZER_NUMBER_OBJECT_CONVERSION = YES_AGGRESSIVE;
				CLANG_CXX_LANGUAGE_STANDARD = "gnu++14";
				CLANG_CXX_LIBRARY = "libc++";
				CLANG_ENABLE_MODULES = YES;
				CLANG_ENABLE_OBJC_ARC = YES;
				CLANG_ENABLE_OBJC_WEAK = YES;
				CLANG_WARN_BLOCK_CAPTURE_AUTORELEASING = YES;
				CLANG_WARN_BOOL_CONVERSION = YES;
				CLANG_WARN_COMMA = YES;
				CLANG_WARN_CONSTANT_CONVERSION = YES;
				CLANG_WARN_DEPRECATED_OBJC_IMPLEMENTATIONS = YES;
				CLANG_WARN_DIRECT_OBJC_ISA_USAGE = YES_ERROR;
				CLANG_WARN_DOCUMENTATION_COMMENTS = YES;
				CLANG_WARN_EMPTY_BODY = YES;
				CLANG_WARN_ENUM_CONVERSION = YES;
				CLANG_WARN_INFINITE_RECURSION = YES;
				CLANG_WARN_INT_CONVERSION = YES;
				CLANG_WARN_NON_LITERAL_NULL_CONVERSION = YES;
				CLANG_WARN_OBJC_IMPLICIT_RETAIN_SELF = YES;
				CLANG_WARN_OBJC_LITERAL_CONVERSION = YES;
				CLANG_WARN_OBJC_ROOT_CLASS = YES_ERROR;
				CLANG_WARN_QUOTED_INCLUDE_IN_FRAMEWORK_HEADER = YES;
				CLANG_WARN_RANGE_LOOP_ANALYSIS = YES;
				CLANG_WARN_STRICT_PROTOTYPES = YES;
				CLANG_WARN_SUSPICIOUS_MOVE = YES;
				CLANG_WARN_UNGUARDED_AVAILABILITY = YES_AGGRESSIVE;
				CLANG_WARN_UNREACHABLE_CODE = YES;
				CLANG_WARN__DUPLICATE_METHOD_MATCH = YES;
				COPY_PHASE_STRIP = NO;
				DEBUG_INFORMATION_FORMAT = dwarf;
				ENABLE_STRICT_OBJC_MSGSEND = YES;
				ENABLE_TESTABILITY = YES;
				GCC_C_LANGUAGE_STANDARD = gnu11;
				GCC_DYNAMIC_NO_PIC = NO;
				GCC_NO_COMMON_BLOCKS = YES;
				GCC_OPTIMIZATION_LEVEL = 0;
				GCC_PREPROCESSOR_DEFINITIONS = (
					"DEBUG=1",
					"$(inherited)",
				);
				GCC_WARN_64_TO_32_BIT_CONVERSION = YES;
				GCC_WARN_ABOUT_RETURN_TYPE = YES_ERROR;
				GCC_WARN_UNDECLARED_SELECTOR = YES;
				GCC_WARN_UNINITIALIZED_AUTOS = YES_AGGRESSIVE;
				GCC_WARN_UNUSED_FUNCTION = YES;
				GCC_WARN_UNUSED_VARIABLE = YES;
				IPHONEOS_DEPLOYMENT_TARGET = 14.5;
				MTL_ENABLE_DEBUG_INFO = INCLUDE_SOURCE;
				MTL_FAST_MATH = YES;
				ONLY_ACTIVE_ARCH = YES;
				SDKROOT = iphoneos;
				SWIFT_ACTIVE_COMPILATION_CONDITIONS = DEBUG;
				SWIFT_OPTIMIZATION_LEVEL = "-Onone";
			};
			name = Debug;
		};
		74564F8B26E626FB00F5EFF2 /* Release */ = {
			isa = XCBuildConfiguration;
			buildSettings = {
				ALWAYS_SEARCH_USER_PATHS = NO;
				CLANG_ANALYZER_NONNULL = YES;
				CLANG_ANALYZER_NUMBER_OBJECT_CONVERSION = YES_AGGRESSIVE;
				CLANG_CXX_LANGUAGE_STANDARD = "gnu++14";
				CLANG_CXX_LIBRARY = "libc++";
				CLANG_ENABLE_MODULES = YES;
				CLANG_ENABLE_OBJC_ARC = YES;
				CLANG_ENABLE_OBJC_WEAK = YES;
				CLANG_WARN_BLOCK_CAPTURE_AUTORELEASING = YES;
				CLANG_WARN_BOOL_CONVERSION = YES;
				CLANG_WARN_COMMA = YES;
				CLANG_WARN_CONSTANT_CONVERSION = YES;
				CLANG_WARN_DEPRECATED_OBJC_IMPLEMENTATIONS = YES;
				CLANG_WARN_DIRECT_OBJC_ISA_USAGE = YES_ERROR;
				CLANG_WARN_DOCUMENTATION_COMMENTS = YES;
				CLANG_WARN_EMPTY_BODY = YES;
				CLANG_WARN_ENUM_CONVERSION = YES;
				CLANG_WARN_INFINITE_RECURSION = YES;
				CLANG_WARN_INT_CONVERSION = YES;
				CLANG_WARN_NON_LITERAL_NULL_CONVERSION = YES;
				CLANG_WARN_OBJC_IMPLICIT_RETAIN_SELF = YES;
				CLANG_WARN_OBJC_LITERAL_CONVERSION = YES;
				CLANG_WARN_OBJC_ROOT_CLASS = YES_ERROR;
				CLANG_WARN_QUOTED_INCLUDE_IN_FRAMEWORK_HEADER = YES;
				CLANG_WARN_RANGE_LOOP_ANALYSIS = YES;
				CLANG_WARN_STRICT_PROTOTYPES = YES;
				CLANG_WARN_SUSPICIOUS_MOVE = YES;
				CLANG_WARN_UNGUARDED_AVAILABILITY = YES_AGGRESSIVE;
				CLANG_WARN_UNREACHABLE_CODE = YES;
				CLANG_WARN__DUPLICATE_METHOD_MATCH = YES;
				COPY_PHASE_STRIP = NO;
				DEBUG_INFORMATION_FORMAT = "dwarf-with-dsym";
				ENABLE_NS_ASSERTIONS = NO;
				ENABLE_STRICT_OBJC_MSGSEND = YES;
				GCC_C_LANGUAGE_STANDARD = gnu11;
				GCC_NO_COMMON_BLOCKS = YES;
				GCC_WARN_64_TO_32_BIT_CONVERSION = YES;
				GCC_WARN_ABOUT_RETURN_TYPE = YES_ERROR;
				GCC_WARN_UNDECLARED_SELECTOR = YES;
				GCC_WARN_UNINITIALIZED_AUTOS = YES_AGGRESSIVE;
				GCC_WARN_UNUSED_FUNCTION = YES;
				GCC_WARN_UNUSED_VARIABLE = YES;
				IPHONEOS_DEPLOYMENT_TARGET = 14.5;
				MTL_ENABLE_DEBUG_INFO = NO;
				MTL_FAST_MATH = YES;
				SDKROOT = iphoneos;
				SWIFT_COMPILATION_MODE = wholemodule;
				SWIFT_OPTIMIZATION_LEVEL = "-O";
				VALIDATE_PRODUCT = YES;
			};
			name = Release;
		};
		74564F8D26E626FB00F5EFF2 /* Debug */ = {
			isa = XCBuildConfiguration;
			buildSettings = {
				ASSETCATALOG_COMPILER_APPICON_NAME = AppIcon;
				ASSETCATALOG_COMPILER_GLOBAL_ACCENT_COLOR_NAME = AccentColor;
				CODE_SIGN_STYLE = Automatic;
				DEVELOPMENT_ASSET_PATHS = "\"iosDrumSequencer/Preview Content\"";
				DEVELOPMENT_TEAM = AJL6XBTGD4;
				ENABLE_PREVIEWS = YES;
				INFOPLIST_FILE = iosDrumSequencer/Info.plist;
				LD_RUNPATH_SEARCH_PATHS = (
					"$(inherited)",
					"@executable_path/Frameworks",
				);
				PRODUCT_BUNDLE_IDENTIFIER = "com.satoshi-suzuki.iosDrumSequencer";
				PRODUCT_NAME = "$(TARGET_NAME)";
				SWIFT_VERSION = 5.0;
				TARGETED_DEVICE_FAMILY = "1,2";
			};
			name = Debug;
		};
		74564F8E26E626FB00F5EFF2 /* Release */ = {
			isa = XCBuildConfiguration;
			buildSettings = {
				ASSETCATALOG_COMPILER_APPICON_NAME = AppIcon;
				ASSETCATALOG_COMPILER_GLOBAL_ACCENT_COLOR_NAME = AccentColor;
				CODE_SIGN_STYLE = Automatic;
				DEVELOPMENT_ASSET_PATHS = "\"iosDrumSequencer/Preview Content\"";
				DEVELOPMENT_TEAM = AJL6XBTGD4;
				ENABLE_PREVIEWS = YES;
				INFOPLIST_FILE = iosDrumSequencer/Info.plist;
				LD_RUNPATH_SEARCH_PATHS = (
					"$(inherited)",
					"@executable_path/Frameworks",
				);
				PRODUCT_BUNDLE_IDENTIFIER = "com.satoshi-suzuki.iosDrumSequencer";
				PRODUCT_NAME = "$(TARGET_NAME)";
				SWIFT_VERSION = 5.0;
				TARGETED_DEVICE_FAMILY = "1,2";
			};
			name = Release;
		};
		74564F9026E626FB00F5EFF2 /* Debug */ = {
			isa = XCBuildConfiguration;
			buildSettings = {
				ALWAYS_EMBED_SWIFT_STANDARD_LIBRARIES = YES;
				BUNDLE_LOADER = "$(TEST_HOST)";
				CODE_SIGN_STYLE = Automatic;
				DEVELOPMENT_TEAM = AJL6XBTGD4;
				INFOPLIST_FILE = iosDrumSequencerTests/Info.plist;
				IPHONEOS_DEPLOYMENT_TARGET = 14.5;
				LD_RUNPATH_SEARCH_PATHS = (
					"$(inherited)",
					"@executable_path/Frameworks",
					"@loader_path/Frameworks",
				);
				PRODUCT_BUNDLE_IDENTIFIER = "com.satoshi-suzuki.iosDrumSequencerTests";
				PRODUCT_NAME = "$(TARGET_NAME)";
				SWIFT_VERSION = 5.0;
				TARGETED_DEVICE_FAMILY = "1,2";
				TEST_HOST = "$(BUILT_PRODUCTS_DIR)/iosDrumSequencer.app/iosDrumSequencer";
			};
			name = Debug;
		};
		74564F9126E626FB00F5EFF2 /* Release */ = {
			isa = XCBuildConfiguration;
			buildSettings = {
				ALWAYS_EMBED_SWIFT_STANDARD_LIBRARIES = YES;
				BUNDLE_LOADER = "$(TEST_HOST)";
				CODE_SIGN_STYLE = Automatic;
				DEVELOPMENT_TEAM = AJL6XBTGD4;
				INFOPLIST_FILE = iosDrumSequencerTests/Info.plist;
				IPHONEOS_DEPLOYMENT_TARGET = 14.5;
				LD_RUNPATH_SEARCH_PATHS = (
					"$(inherited)",
					"@executable_path/Frameworks",
					"@loader_path/Frameworks",
				);
				PRODUCT_BUNDLE_IDENTIFIER = "com.satoshi-suzuki.iosDrumSequencerTests";
				PRODUCT_NAME = "$(TARGET_NAME)";
				SWIFT_VERSION = 5.0;
				TARGETED_DEVICE_FAMILY = "1,2";
				TEST_HOST = "$(BUILT_PRODUCTS_DIR)/iosDrumSequencer.app/iosDrumSequencer";
			};
			name = Release;
		};
		74564F9326E626FB00F5EFF2 /* Debug */ = {
			isa = XCBuildConfiguration;
			buildSettings = {
				ALWAYS_EMBED_SWIFT_STANDARD_LIBRARIES = YES;
				CODE_SIGN_STYLE = Automatic;
				DEVELOPMENT_TEAM = AJL6XBTGD4;
				INFOPLIST_FILE = iosDrumSequencerUITests/Info.plist;
				LD_RUNPATH_SEARCH_PATHS = (
					"$(inherited)",
					"@executable_path/Frameworks",
					"@loader_path/Frameworks",
				);
				PRODUCT_BUNDLE_IDENTIFIER = "com.satoshi-suzuki.iosDrumSequencerUITests";
				PRODUCT_NAME = "$(TARGET_NAME)";
				SWIFT_VERSION = 5.0;
				TARGETED_DEVICE_FAMILY = "1,2";
				TEST_TARGET_NAME = iosDrumSequencer;
			};
			name = Debug;
		};
		74564F9426E626FB00F5EFF2 /* Release */ = {
			isa = XCBuildConfiguration;
			buildSettings = {
				ALWAYS_EMBED_SWIFT_STANDARD_LIBRARIES = YES;
				CODE_SIGN_STYLE = Automatic;
				DEVELOPMENT_TEAM = AJL6XBTGD4;
				INFOPLIST_FILE = iosDrumSequencerUITests/Info.plist;
				LD_RUNPATH_SEARCH_PATHS = (
					"$(inherited)",
					"@executable_path/Frameworks",
					"@loader_path/Frameworks",
				);
				PRODUCT_BUNDLE_IDENTIFIER = "com.satoshi-suzuki.iosDrumSequencerUITests";
				PRODUCT_NAME = "$(TARGET_NAME)";
				SWIFT_VERSION = 5.0;
				TARGETED_DEVICE_FAMILY = "1,2";
				TEST_TARGET_NAME = iosDrumSequencer;
			};
			name = Release;
		};
/* End XCBuildConfiguration section */

/* Begin XCConfigurationList section */
		74564F5D26E626FA00F5EFF2 /* Build configuration list for PBXProject "iosDrumSequencer" */ = {
			isa = XCConfigurationList;
			buildConfigurations = (
				74564F8A26E626FB00F5EFF2 /* Debug */,
				74564F8B26E626FB00F5EFF2 /* Release */,
			);
			defaultConfigurationIsVisible = 0;
			defaultConfigurationName = Release;
		};
		74564F8C26E626FB00F5EFF2 /* Build configuration list for PBXNativeTarget "iosDrumSequencer" */ = {
			isa = XCConfigurationList;
			buildConfigurations = (
				74564F8D26E626FB00F5EFF2 /* Debug */,
				74564F8E26E626FB00F5EFF2 /* Release */,
			);
			defaultConfigurationIsVisible = 0;
			defaultConfigurationName = Release;
		};
		74564F8F26E626FB00F5EFF2 /* Build configuration list for PBXNativeTarget "iosDrumSequencerTests" */ = {
			isa = XCConfigurationList;
			buildConfigurations = (
				74564F9026E626FB00F5EFF2 /* Debug */,
				74564F9126E626FB00F5EFF2 /* Release */,
			);
			defaultConfigurationIsVisible = 0;
			defaultConfigurationName = Release;
		};
		74564F9226E626FB00F5EFF2 /* Build configuration list for PBXNativeTarget "iosDrumSequencerUITests" */ = {
			isa = XCConfigurationList;
			buildConfigurations = (
				74564F9326E626FB00F5EFF2 /* Debug */,
				74564F9426E626FB00F5EFF2 /* Release */,
			);
			defaultConfigurationIsVisible = 0;
			defaultConfigurationName = Release;
		};
/* End XCConfigurationList section */
	};
	rootObject = 74564F5A26E626FA00F5EFF2 /* Project object */;
}
